// !$*UTF8*$!
{
	archiveVersion = 1;
	classes = {
	};
	objectVersion = 46;
	objects = {

/* Begin PBXBuildFile section */
		D203E50516E24FEA00336557 /* icon.png in Resources */ = {isa = PBXBuildFile; fileRef = D203E50416E24FEA00336557 /* icon.png */; };
		D203E50716E24FF600336557 /* icon2x.png in Resources */ = {isa = PBXBuildFile; fileRef = D203E50616E24FF600336557 /* icon2x.png */; };
		D203E50916E263B300336557 /* lenna256x256.gif in Resources */ = {isa = PBXBuildFile; fileRef = D203E50816E263B300336557 /* lenna256x256.gif */; };
		D203E50B16E424C700336557 /* lenna.jpg in Resources */ = {isa = PBXBuildFile; fileRef = D203E50A16E424C700336557 /* lenna.jpg */; };
		D20EEC371712290200CD5637 /* MsYWd.png in Resources */ = {isa = PBXBuildFile; fileRef = D20EEC361712290200CD5637 /* MsYWd.png */; };
		D2215D9516D7F9B000FD2A48 /* mountain.jpg in Resources */ = {isa = PBXBuildFile; fileRef = D2215D9416D7F9B000FD2A48 /* mountain.jpg */; };
		D2215D9716D9495C00FD2A48 /* QuartzCore.framework in Frameworks */ = {isa = PBXBuildFile; fileRef = D2215D9616D9495C00FD2A48 /* QuartzCore.framework */; };
		D224CF25177D2E450087A7F4 /* one.jpg in Resources */ = {isa = PBXBuildFile; fileRef = D224CF24177D2E450087A7F4 /* one.jpg */; };
		D2365EAA16D43BCD0017E15A /* UROPbrain.m in Sources */ = {isa = PBXBuildFile; fileRef = D2365EA916D432E70017E15A /* UROPbrain.m */; };
		D249582A17ECF62F0007D015 /* blue.png in Resources */ = {isa = PBXBuildFile; fileRef = D249582917ECF62F0007D015 /* blue.png */; };
		D24C2F6D16DD1EDA0041F4CE /* MainStoryboard5.storyboard in Resources */ = {isa = PBXBuildFile; fileRef = D24C2F6B16DD1EDA0041F4CE /* MainStoryboard5.storyboard */; };
		D262A9A21777D43E006A7072 /* wati2.xcf in Resources */ = {isa = PBXBuildFile; fileRef = D262A99F1777D43E006A7072 /* wati2.xcf */; };
		D262A9A31777D43E006A7072 /* wait_spinner.png in Resources */ = {isa = PBXBuildFile; fileRef = D262A9A01777D43E006A7072 /* wait_spinner.png */; };
		D262A9A41777D43E006A7072 /* wati2.png in Resources */ = {isa = PBXBuildFile; fileRef = D262A9A11777D43E006A7072 /* wati2.png */; };
		D27236091749AACC00A0B7C9 /* white.png in Resources */ = {isa = PBXBuildFile; fileRef = D27236081749AACC00A0B7C9 /* white.png */; };
		D2DA0D4717EA1CB700E0A087 /* UROPdwt.m in Sources */ = {isa = PBXBuildFile; fileRef = D2DA0D4617EA1CB700E0A087 /* UROPdwt.m */; };
		D2DF752016CF174900DF158B /* UIKit.framework in Frameworks */ = {isa = PBXBuildFile; fileRef = D2DF751F16CF174900DF158B /* UIKit.framework */; };
		D2DF752216CF174900DF158B /* Foundation.framework in Frameworks */ = {isa = PBXBuildFile; fileRef = D2DF752116CF174900DF158B /* Foundation.framework */; };
		D2DF752416CF174900DF158B /* CoreGraphics.framework in Frameworks */ = {isa = PBXBuildFile; fileRef = D2DF752316CF174900DF158B /* CoreGraphics.framework */; };
		D2DF752A16CF174900DF158B /* InfoPlist.strings in Resources */ = {isa = PBXBuildFile; fileRef = D2DF752816CF174900DF158B /* InfoPlist.strings */; };
		D2DF752C16CF174900DF158B /* main.m in Sources */ = {isa = PBXBuildFile; fileRef = D2DF752B16CF174900DF158B /* main.m */; };
		D2DF753016CF174A00DF158B /* UROPAppDelegate.m in Sources */ = {isa = PBXBuildFile; fileRef = D2DF752F16CF174A00DF158B /* UROPAppDelegate.m */; };
		D2DF753216CF174A00DF158B /* Default.png in Resources */ = {isa = PBXBuildFile; fileRef = D2DF753116CF174A00DF158B /* Default.png */; };
		D2DF753416CF174A00DF158B /* Default@2x.png in Resources */ = {isa = PBXBuildFile; fileRef = D2DF753316CF174A00DF158B /* Default@2x.png */; };
		D2DF753616CF174A00DF158B /* Default-568h@2x.png in Resources */ = {isa = PBXBuildFile; fileRef = D2DF753516CF174A00DF158B /* Default-568h@2x.png */; };
		D2DF753916CF174A00DF158B /* MainStoryboard.storyboard in Resources */ = {isa = PBXBuildFile; fileRef = D2DF753716CF174A00DF158B /* MainStoryboard.storyboard */; };
		D2DF753C16CF174A00DF158B /* UROPMainViewController.m in Sources */ = {isa = PBXBuildFile; fileRef = D2DF753B16CF174A00DF158B /* UROPMainViewController.m */; };
		D2DF754716CF181100DF158B /* UROP2ndViewController.m in Sources */ = {isa = PBXBuildFile; fileRef = D2DF754616CF181100DF158B /* UROP2ndViewController.m */; };
		D2DF754916CF1AA100DF158B /* ted.jpg in Resources */ = {isa = PBXBuildFile; fileRef = D2DF754816CF1AA100DF158B /* ted.jpg */; };
		D2DF754B16CF1B8700DF158B /* Accelerate.framework in Frameworks */ = {isa = PBXBuildFile; fileRef = D2DF754A16CF1B8700DF158B /* Accelerate.framework */; };
		D2DF754D16CF1B8E00DF158B /* MobileCoreServices.framework in Frameworks */ = {isa = PBXBuildFile; fileRef = D2DF754C16CF1B8E00DF158B /* MobileCoreServices.framework */; };
		D2DF755016CF209400DF158B /* UROP3rdViewController.m in Sources */ = {isa = PBXBuildFile; fileRef = D2DF754F16CF209400DF158B /* UROP3rdViewController.m */; };
		D2DF755916D2802000DF158B /* UROPFinalViewController.m in Sources */ = {isa = PBXBuildFile; fileRef = D2DF755816D2802000DF158B /* UROPFinalViewController.m */; };
		D2DF755F16D2811300DF158B /* UROPFlipsideViewController.m in Sources */ = {isa = PBXBuildFile; fileRef = D2DF755E16D2811300DF158B /* UROPFlipsideViewController.m */; };
		D2E35F091777EE9100FD849F /* background.png in Resources */ = {isa = PBXBuildFile; fileRef = D2E35F081777EE9100FD849F /* background.png */; };
		D2EB30C11777C37A0050D442 /* wait_spinner.gif in Resources */ = {isa = PBXBuildFile; fileRef = D2EB30C01777C37A0050D442 /* wait_spinner.gif */; };
/* End PBXBuildFile section */

/* Begin PBXFileReference section */
		D203E50416E24FEA00336557 /* icon.png */ = {isa = PBXFileReference; lastKnownFileType = image.png; path = icon.png; sourceTree = "<group>"; };
		D203E50616E24FF600336557 /* icon2x.png */ = {isa = PBXFileReference; lastKnownFileType = image.png; path = icon2x.png; sourceTree = "<group>"; };
		D203E50816E263B300336557 /* lenna256x256.gif */ = {isa = PBXFileReference; lastKnownFileType = image.gif; path = lenna256x256.gif; sourceTree = "<group>"; };
		D203E50A16E424C700336557 /* lenna.jpg */ = {isa = PBXFileReference; lastKnownFileType = image.jpeg; path = lenna.jpg; sourceTree = "<group>"; };
		D20EEC361712290200CD5637 /* MsYWd.png */ = {isa = PBXFileReference; lastKnownFileType = image.png; path = MsYWd.png; sourceTree = "<group>"; };
		D2215D9416D7F9B000FD2A48 /* mountain.jpg */ = {isa = PBXFileReference; lastKnownFileType = image.jpeg; path = mountain.jpg; sourceTree = "<group>"; };
		D2215D9616D9495C00FD2A48 /* QuartzCore.framework */ = {isa = PBXFileReference; lastKnownFileType = wrapper.framework; name = QuartzCore.framework; path = System/Library/Frameworks/QuartzCore.framework; sourceTree = SDKROOT; };
		D224CF24177D2E450087A7F4 /* one.jpg */ = {isa = PBXFileReference; lastKnownFileType = image.jpeg; path = one.jpg; sourceTree = "<group>"; };
		D2365EA816D432E70017E15A /* UROPbrain.h */ = {isa = PBXFileReference; lastKnownFileType = sourcecode.c.h; path = UROPbrain.h; sourceTree = "<group>"; };
		D2365EA916D432E70017E15A /* UROPbrain.m */ = {isa = PBXFileReference; lastKnownFileType = sourcecode.c.objc; path = UROPbrain.m; sourceTree = "<group>"; };
		D249582917ECF62F0007D015 /* blue.png */ = {isa = PBXFileReference; lastKnownFileType = image.png; path = blue.png; sourceTree = "<group>"; };
		D24C2F6C16DD1EDA0041F4CE /* en */ = {isa = PBXFileReference; lastKnownFileType = file.storyboard; name = en; path = en.lproj/MainStoryboard5.storyboard; sourceTree = "<group>"; };
		D262A99F1777D43E006A7072 /* wati2.xcf */ = {isa = PBXFileReference; lastKnownFileType = file; path = wati2.xcf; sourceTree = "<group>"; };
		D262A9A01777D43E006A7072 /* wait_spinner.png */ = {isa = PBXFileReference; lastKnownFileType = image.png; path = wait_spinner.png; sourceTree = "<group>"; };
		D262A9A11777D43E006A7072 /* wati2.png */ = {isa = PBXFileReference; lastKnownFileType = image.png; path = wati2.png; sourceTree = "<group>"; };
		D27236081749AACC00A0B7C9 /* white.png */ = {isa = PBXFileReference; lastKnownFileType = image.png; path = white.png; sourceTree = "<group>"; };
		D2DA0D4517EA1CB700E0A087 /* UROPdwt.h */ = {isa = PBXFileReference; fileEncoding = 4; lastKnownFileType = sourcecode.c.h; path = UROPdwt.h; sourceTree = "<group>"; };
		D2DA0D4617EA1CB700E0A087 /* UROPdwt.m */ = {isa = PBXFileReference; fileEncoding = 4; lastKnownFileType = sourcecode.c.objc; path = UROPdwt.m; sourceTree = "<group>"; };
		D2DA3900178EFA5E0069F5B6 /* icon.py */ = {isa = PBXFileReference; lastKnownFileType = text.script.python; path = icon.py; sourceTree = "<group>"; };
		D2DF751C16CF174900DF158B /* Reconstruct.app */ = {isa = PBXFileReference; explicitFileType = wrapper.application; includeInIndex = 0; path = Reconstruct.app; sourceTree = BUILT_PRODUCTS_DIR; };
		D2DF751F16CF174900DF158B /* UIKit.framework */ = {isa = PBXFileReference; lastKnownFileType = wrapper.framework; name = UIKit.framework; path = System/Library/Frameworks/UIKit.framework; sourceTree = SDKROOT; };
		D2DF752116CF174900DF158B /* Foundation.framework */ = {isa = PBXFileReference; lastKnownFileType = wrapper.framework; name = Foundation.framework; path = System/Library/Frameworks/Foundation.framework; sourceTree = SDKROOT; };
		D2DF752316CF174900DF158B /* CoreGraphics.framework */ = {isa = PBXFileReference; lastKnownFileType = wrapper.framework; name = CoreGraphics.framework; path = System/Library/Frameworks/CoreGraphics.framework; sourceTree = SDKROOT; };
		D2DF752716CF174900DF158B /* Reconstruct-Info.plist */ = {isa = PBXFileReference; lastKnownFileType = text.plist.xml; path = "Reconstruct-Info.plist"; sourceTree = "<group>"; };
		D2DF752916CF174900DF158B /* en */ = {isa = PBXFileReference; lastKnownFileType = text.plist.strings; name = en; path = en.lproj/InfoPlist.strings; sourceTree = "<group>"; };
		D2DF752B16CF174900DF158B /* main.m */ = {isa = PBXFileReference; lastKnownFileType = sourcecode.c.objc; path = main.m; sourceTree = "<group>"; };
		D2DF752D16CF174900DF158B /* Reconstruct-Prefix.pch */ = {isa = PBXFileReference; lastKnownFileType = sourcecode.c.h; path = "Reconstruct-Prefix.pch"; sourceTree = "<group>"; };
		D2DF752E16CF174A00DF158B /* UROPAppDelegate.h */ = {isa = PBXFileReference; lastKnownFileType = sourcecode.c.h; path = UROPAppDelegate.h; sourceTree = "<group>"; };
		D2DF752F16CF174A00DF158B /* UROPAppDelegate.m */ = {isa = PBXFileReference; lastKnownFileType = sourcecode.c.objc; path = UROPAppDelegate.m; sourceTree = "<group>"; };
		D2DF753116CF174A00DF158B /* Default.png */ = {isa = PBXFileReference; lastKnownFileType = image.png; path = Default.png; sourceTree = "<group>"; };
		D2DF753316CF174A00DF158B /* Default@2x.png */ = {isa = PBXFileReference; lastKnownFileType = image.png; path = "Default@2x.png"; sourceTree = "<group>"; };
		D2DF753516CF174A00DF158B /* Default-568h@2x.png */ = {isa = PBXFileReference; lastKnownFileType = image.png; path = "Default-568h@2x.png"; sourceTree = "<group>"; };
		D2DF753816CF174A00DF158B /* en */ = {isa = PBXFileReference; lastKnownFileType = file.storyboard; name = en; path = en.lproj/MainStoryboard.storyboard; sourceTree = "<group>"; };
		D2DF753A16CF174A00DF158B /* UROPMainViewController.h */ = {isa = PBXFileReference; lastKnownFileType = sourcecode.c.h; path = UROPMainViewController.h; sourceTree = "<group>"; };
		D2DF753B16CF174A00DF158B /* UROPMainViewController.m */ = {isa = PBXFileReference; lastKnownFileType = sourcecode.c.objc; path = UROPMainViewController.m; sourceTree = "<group>"; };
		D2DF754516CF181100DF158B /* UROP2ndViewController.h */ = {isa = PBXFileReference; fileEncoding = 4; lastKnownFileType = sourcecode.c.h; path = UROP2ndViewController.h; sourceTree = "<group>"; };
		D2DF754616CF181100DF158B /* UROP2ndViewController.m */ = {isa = PBXFileReference; fileEncoding = 4; lastKnownFileType = sourcecode.c.objc; path = UROP2ndViewController.m; sourceTree = "<group>"; };
		D2DF754816CF1AA100DF158B /* ted.jpg */ = {isa = PBXFileReference; lastKnownFileType = image.jpeg; path = ted.jpg; sourceTree = "<group>"; };
		D2DF754A16CF1B8700DF158B /* Accelerate.framework */ = {isa = PBXFileReference; lastKnownFileType = wrapper.framework; name = Accelerate.framework; path = System/Library/Frameworks/Accelerate.framework; sourceTree = SDKROOT; };
		D2DF754C16CF1B8E00DF158B /* MobileCoreServices.framework */ = {isa = PBXFileReference; lastKnownFileType = wrapper.framework; name = MobileCoreServices.framework; path = System/Library/Frameworks/MobileCoreServices.framework; sourceTree = SDKROOT; };
		D2DF754E16CF209300DF158B /* UROP3rdViewController.h */ = {isa = PBXFileReference; fileEncoding = 4; lastKnownFileType = sourcecode.c.h; path = UROP3rdViewController.h; sourceTree = "<group>"; };
		D2DF754F16CF209400DF158B /* UROP3rdViewController.m */ = {isa = PBXFileReference; fileEncoding = 4; lastKnownFileType = sourcecode.c.objc; path = UROP3rdViewController.m; sourceTree = "<group>"; };
		D2DF755716D2802000DF158B /* UROPFinalViewController.h */ = {isa = PBXFileReference; fileEncoding = 4; lastKnownFileType = sourcecode.c.h; path = UROPFinalViewController.h; sourceTree = "<group>"; };
		D2DF755816D2802000DF158B /* UROPFinalViewController.m */ = {isa = PBXFileReference; fileEncoding = 4; lastKnownFileType = sourcecode.c.objc; path = UROPFinalViewController.m; sourceTree = "<group>"; };
		D2DF755D16D2811200DF158B /* UROPFlipsideViewController.h */ = {isa = PBXFileReference; fileEncoding = 4; lastKnownFileType = sourcecode.c.h; path = UROPFlipsideViewController.h; sourceTree = "<group>"; };
		D2DF755E16D2811300DF158B /* UROPFlipsideViewController.m */ = {isa = PBXFileReference; fileEncoding = 4; lastKnownFileType = sourcecode.c.objc; path = UROPFlipsideViewController.m; sourceTree = "<group>"; };
		D2E35F081777EE9100FD849F /* background.png */ = {isa = PBXFileReference; lastKnownFileType = image.png; path = background.png; sourceTree = "<group>"; };
		D2EB30C01777C37A0050D442 /* wait_spinner.gif */ = {isa = PBXFileReference; lastKnownFileType = image.gif; path = wait_spinner.gif; sourceTree = "<group>"; };
/* End PBXFileReference section */

/* Begin PBXFrameworksBuildPhase section */
		D2DF751916CF174900DF158B /* Frameworks */ = {
			isa = PBXFrameworksBuildPhase;
			buildActionMask = 2147483647;
			files = (
				D2215D9716D9495C00FD2A48 /* QuartzCore.framework in Frameworks */,
				D2DF754D16CF1B8E00DF158B /* MobileCoreServices.framework in Frameworks */,
				D2DF754B16CF1B8700DF158B /* Accelerate.framework in Frameworks */,
				D2DF752016CF174900DF158B /* UIKit.framework in Frameworks */,
				D2DF752216CF174900DF158B /* Foundation.framework in Frameworks */,
				D2DF752416CF174900DF158B /* CoreGraphics.framework in Frameworks */,
			);
			runOnlyForDeploymentPostprocessing = 0;
		};
/* End PBXFrameworksBuildPhase section */

/* Begin PBXGroup section */
		D2DF751316CF174900DF158B = {
			isa = PBXGroup;
			children = (
				D262A99F1777D43E006A7072 /* wati2.xcf */,
				D262A9A01777D43E006A7072 /* wait_spinner.png */,
				D262A9A11777D43E006A7072 /* wati2.png */,
				D2DA3900178EFA5E0069F5B6 /* icon.py */,
				D203E50616E24FF600336557 /* icon2x.png */,
				D203E50416E24FEA00336557 /* icon.png */,
				D20EEC361712290200CD5637 /* MsYWd.png */,
				D2215D9616D9495C00FD2A48 /* QuartzCore.framework */,
				D2DF754C16CF1B8E00DF158B /* MobileCoreServices.framework */,
				D2DF754A16CF1B8700DF158B /* Accelerate.framework */,
				D2DF752516CF174900DF158B /* UROPv6 */,
				D2DF751E16CF174900DF158B /* Frameworks */,
				D2DF751D16CF174900DF158B /* Products */,
			);
			sourceTree = "<group>";
			usesTabs = 0;
		};
		D2DF751D16CF174900DF158B /* Products */ = {
			isa = PBXGroup;
			children = (
				D2DF751C16CF174900DF158B /* Reconstruct.app */,
			);
			name = Products;
			sourceTree = "<group>";
		};
		D2DF751E16CF174900DF158B /* Frameworks */ = {
			isa = PBXGroup;
			children = (
				D2DF751F16CF174900DF158B /* UIKit.framework */,
				D2DF752116CF174900DF158B /* Foundation.framework */,
				D2DF752316CF174900DF158B /* CoreGraphics.framework */,
			);
			name = Frameworks;
			sourceTree = "<group>";
		};
		D2DF752516CF174900DF158B /* UROPv6 */ = {
			isa = PBXGroup;
			children = (
				D249582917ECF62F0007D015 /* blue.png */,
				D24C2F6B16DD1EDA0041F4CE /* MainStoryboard5.storyboard */,
				D203E50816E263B300336557 /* lenna256x256.gif */,
				D203E50A16E424C700336557 /* lenna.jpg */,
				D2E35F081777EE9100FD849F /* background.png */,
				D2365EA816D432E70017E15A /* UROPbrain.h */,
				D2365EA916D432E70017E15A /* UROPbrain.m */,
				D2DA0D4517EA1CB700E0A087 /* UROPdwt.h */,
				D2DA0D4617EA1CB700E0A087 /* UROPdwt.m */,
				D2DF755D16D2811200DF158B /* UROPFlipsideViewController.h */,
				D2DF755E16D2811300DF158B /* UROPFlipsideViewController.m */,
				D2EB30C01777C37A0050D442 /* wait_spinner.gif */,
				D2215D9416D7F9B000FD2A48 /* mountain.jpg */,
				D27236081749AACC00A0B7C9 /* white.png */,
				D2DF754816CF1AA100DF158B /* ted.jpg */,
				D2DF752E16CF174A00DF158B /* UROPAppDelegate.h */,
				D2DF752F16CF174A00DF158B /* UROPAppDelegate.m */,
				D2DF753716CF174A00DF158B /* MainStoryboard.storyboard */,
				D2DF753A16CF174A00DF158B /* UROPMainViewController.h */,
				D2DF753B16CF174A00DF158B /* UROPMainViewController.m */,
				D2DF754516CF181100DF158B /* UROP2ndViewController.h */,
				D2DF754616CF181100DF158B /* UROP2ndViewController.m */,
				D2DF754E16CF209300DF158B /* UROP3rdViewController.h */,
				D2DF754F16CF209400DF158B /* UROP3rdViewController.m */,
				D2DF755716D2802000DF158B /* UROPFinalViewController.h */,
				D2DF755816D2802000DF158B /* UROPFinalViewController.m */,
				D224CF24177D2E450087A7F4 /* one.jpg */,
				D2DF752616CF174900DF158B /* Supporting Files */,
			);
			path = UROPv6;
			sourceTree = "<group>";
		};
		D2DF752616CF174900DF158B /* Supporting Files */ = {
			isa = PBXGroup;
			children = (
				D2DF752716CF174900DF158B /* Reconstruct-Info.plist */,
				D2DF752816CF174900DF158B /* InfoPlist.strings */,
				D2DF752B16CF174900DF158B /* main.m */,
				D2DF752D16CF174900DF158B /* Reconstruct-Prefix.pch */,
				D2DF753116CF174A00DF158B /* Default.png */,
				D2DF753316CF174A00DF158B /* Default@2x.png */,
				D2DF753516CF174A00DF158B /* Default-568h@2x.png */,
			);
			name = "Supporting Files";
			sourceTree = "<group>";
		};
/* End PBXGroup section */

/* Begin PBXNativeTarget section */
		D2DF751B16CF174900DF158B /* Reconstruct */ = {
			isa = PBXNativeTarget;
			buildConfigurationList = D2DF754216CF174A00DF158B /* Build configuration list for PBXNativeTarget "Reconstruct" */;
			buildPhases = (
				D2DF751816CF174900DF158B /* Sources */,
				D2DF751916CF174900DF158B /* Frameworks */,
				D2DF751A16CF174900DF158B /* Resources */,
			);
			buildRules = (
			);
			dependencies = (
			);
			name = Reconstruct;
			productName = UROPv6;
			productReference = D2DF751C16CF174900DF158B /* Reconstruct.app */;
			productType = "com.apple.product-type.application";
		};
/* End PBXNativeTarget section */

/* Begin PBXProject section */
		D2DF751416CF174900DF158B /* Project object */ = {
			isa = PBXProject;
			attributes = {
				CLASSPREFIX = UROP;
				LastUpgradeCheck = 0460;
				ORGANIZATIONNAME = com.scott;
			};
			buildConfigurationList = D2DF751716CF174900DF158B /* Build configuration list for PBXProject "Reconstruct" */;
			compatibilityVersion = "Xcode 3.2";
			developmentRegion = English;
			hasScannedForEncodings = 0;
			knownRegions = (
				en,
			);
			mainGroup = D2DF751316CF174900DF158B;
			productRefGroup = D2DF751D16CF174900DF158B /* Products */;
			projectDirPath = "";
			projectRoot = "";
			targets = (
				D2DF751B16CF174900DF158B /* Reconstruct */,
			);
		};
/* End PBXProject section */

/* Begin PBXResourcesBuildPhase section */
		D2DF751A16CF174900DF158B /* Resources */ = {
			isa = PBXResourcesBuildPhase;
			buildActionMask = 2147483647;
			files = (
				D2DF752A16CF174900DF158B /* InfoPlist.strings in Resources */,
				D2DF753216CF174A00DF158B /* Default.png in Resources */,
				D262A9A31777D43E006A7072 /* wait_spinner.png in Resources */,
				D2DF753416CF174A00DF158B /* Default@2x.png in Resources */,
				D2EB30C11777C37A0050D442 /* wait_spinner.gif in Resources */,
				D249582A17ECF62F0007D015 /* blue.png in Resources */,
				D2DF753616CF174A00DF158B /* Default-568h@2x.png in Resources */,
				D2DF753916CF174A00DF158B /* MainStoryboard.storyboard in Resources */,
				D2DF754916CF1AA100DF158B /* ted.jpg in Resources */,
				D2215D9516D7F9B000FD2A48 /* mountain.jpg in Resources */,
				D2E35F091777EE9100FD849F /* background.png in Resources */,
				D24C2F6D16DD1EDA0041F4CE /* MainStoryboard5.storyboard in Resources */,
				D224CF25177D2E450087A7F4 /* one.jpg in Resources */,
				D203E50516E24FEA00336557 /* icon.png in Resources */,
				D262A9A21777D43E006A7072 /* wati2.xcf in Resources */,
				D203E50716E24FF600336557 /* icon2x.png in Resources */,
				D203E50916E263B300336557 /* lenna256x256.gif in Resources */,
				D203E50B16E424C700336557 /* lenna.jpg in Resources */,
				D20EEC371712290200CD5637 /* MsYWd.png in Resources */,
				D27236091749AACC00A0B7C9 /* white.png in Resources */,
				D262A9A41777D43E006A7072 /* wati2.png in Resources */,
			);
			runOnlyForDeploymentPostprocessing = 0;
		};
/* End PBXResourcesBuildPhase section */

/* Begin PBXSourcesBuildPhase section */
		D2DF751816CF174900DF158B /* Sources */ = {
			isa = PBXSourcesBuildPhase;
			buildActionMask = 2147483647;
			files = (
				D2DF752C16CF174900DF158B /* main.m in Sources */,
				D2DF753016CF174A00DF158B /* UROPAppDelegate.m in Sources */,
				D2DA0D4717EA1CB700E0A087 /* UROPdwt.m in Sources */,
				D2DF753C16CF174A00DF158B /* UROPMainViewController.m in Sources */,
				D2DF754716CF181100DF158B /* UROP2ndViewController.m in Sources */,
				D2DF755016CF209400DF158B /* UROP3rdViewController.m in Sources */,
				D2DF755916D2802000DF158B /* UROPFinalViewController.m in Sources */,
				D2DF755F16D2811300DF158B /* UROPFlipsideViewController.m in Sources */,
				D2365EAA16D43BCD0017E15A /* UROPbrain.m in Sources */,
			);
			runOnlyForDeploymentPostprocessing = 0;
		};
/* End PBXSourcesBuildPhase section */

/* Begin PBXVariantGroup section */
		D24C2F6B16DD1EDA0041F4CE /* MainStoryboard5.storyboard */ = {
			isa = PBXVariantGroup;
			children = (
				D24C2F6C16DD1EDA0041F4CE /* en */,
			);
			name = MainStoryboard5.storyboard;
			sourceTree = "<group>";
		};
		D2DF752816CF174900DF158B /* InfoPlist.strings */ = {
			isa = PBXVariantGroup;
			children = (
				D2DF752916CF174900DF158B /* en */,
			);
			name = InfoPlist.strings;
			sourceTree = "<group>";
		};
		D2DF753716CF174A00DF158B /* MainStoryboard.storyboard */ = {
			isa = PBXVariantGroup;
			children = (
				D2DF753816CF174A00DF158B /* en */,
			);
			name = MainStoryboard.storyboard;
			sourceTree = "<group>";
		};
/* End PBXVariantGroup section */

/* Begin XCBuildConfiguration section */
		D2DF754016CF174A00DF158B /* Debug */ = {
			isa = XCBuildConfiguration;
			buildSettings = {
				ALWAYS_SEARCH_USER_PATHS = NO;
				CLANG_CXX_LANGUAGE_STANDARD = "gnu++0x";
				CLANG_CXX_LIBRARY = "libc++";
				CLANG_ENABLE_OBJC_ARC = YES;
				CLANG_WARN_CONSTANT_CONVERSION = YES;
				CLANG_WARN_EMPTY_BODY = YES;
				CLANG_WARN_ENUM_CONVERSION = YES;
				CLANG_WARN_INT_CONVERSION = YES;
				CLANG_WARN__DUPLICATE_METHOD_MATCH = YES;
				"CODE_SIGN_IDENTITY[sdk=iphoneos*]" = "iPhone Developer";
				COPY_PHASE_STRIP = NO;
				GCC_C_LANGUAGE_STANDARD = gnu99;
				GCC_DYNAMIC_NO_PIC = NO;
				GCC_OPTIMIZATION_LEVEL = 0;
				GCC_PREPROCESSOR_DEFINITIONS = (
					"DEBUG=1",
					"$(inherited)",
				);
				GCC_SYMBOLS_PRIVATE_EXTERN = NO;
				GCC_WARN_ABOUT_RETURN_TYPE = YES;
				GCC_WARN_UNINITIALIZED_AUTOS = YES;
				GCC_WARN_UNUSED_VARIABLE = YES;
				IPHONEOS_DEPLOYMENT_TARGET = 6.1;
				ONLY_ACTIVE_ARCH = YES;
				SDKROOT = iphoneos;
			};
			name = Debug;
		};
		D2DF754116CF174A00DF158B /* Release */ = {
			isa = XCBuildConfiguration;
			buildSettings = {
				ALWAYS_SEARCH_USER_PATHS = NO;
				CLANG_CXX_LANGUAGE_STANDARD = "gnu++0x";
				CLANG_CXX_LIBRARY = "libc++";
				CLANG_ENABLE_OBJC_ARC = YES;
				CLANG_WARN_CONSTANT_CONVERSION = YES;
				CLANG_WARN_EMPTY_BODY = YES;
				CLANG_WARN_ENUM_CONVERSION = YES;
				CLANG_WARN_INT_CONVERSION = YES;
				CLANG_WARN__DUPLICATE_METHOD_MATCH = YES;
				"CODE_SIGN_IDENTITY[sdk=iphoneos*]" = "iPhone Developer";
				COPY_PHASE_STRIP = YES;
				GCC_C_LANGUAGE_STANDARD = gnu99;
				GCC_WARN_ABOUT_RETURN_TYPE = YES;
				GCC_WARN_UNINITIALIZED_AUTOS = YES;
				GCC_WARN_UNUSED_VARIABLE = YES;
				IPHONEOS_DEPLOYMENT_TARGET = 6.1;
				OTHER_CFLAGS = "-DNS_BLOCK_ASSERTIONS=1";
				SDKROOT = iphoneos;
				VALIDATE_PRODUCT = YES;
			};
			name = Release;
		};
		D2DF754316CF174A00DF158B /* Debug */ = {
			isa = XCBuildConfiguration;
			buildSettings = {
				CODE_SIGN_IDENTITY = "";
				"CODE_SIGN_IDENTITY[sdk=iphoneos*]" = "iPhone Developer";
				GCC_PRECOMPILE_PREFIX_HEADER = YES;
				GCC_PREFIX_HEADER = "UROPv6/Reconstruct-Prefix.pch";
				INFOPLIST_FILE = "UROPv6/Reconstruct-Info.plist";
				PRODUCT_NAME = Reconstruct;
				PROVISIONING_PROFILE = "";
				WRAPPER_EXTENSION = app;
			};
			name = Debug;
		};
		D2DF754416CF174A00DF158B /* Release */ = {
			isa = XCBuildConfiguration;
			buildSettings = {
				CODE_SIGN_IDENTITY = "";
				"CODE_SIGN_IDENTITY[sdk=iphoneos*]" = "iPhone Developer";
				GCC_PRECOMPILE_PREFIX_HEADER = YES;
				GCC_PREFIX_HEADER = "UROPv6/Reconstruct-Prefix.pch";
				INFOPLIST_FILE = "UROPv6/Reconstruct-Info.plist";
				PRODUCT_NAME = Reconstruct;
				PROVISIONING_PROFILE = "";
				WRAPPER_EXTENSION = app;
			};
			name = Release;
		};
/* End XCBuildConfiguration section */

/* Begin XCConfigurationList section */
		D2DF751716CF174900DF158B /* Build configuration list for PBXProject "Reconstruct" */ = {
			isa = XCConfigurationList;
			buildConfigurations = (
				D2DF754016CF174A00DF158B /* Debug */,
				D2DF754116CF174A00DF158B /* Release */,
			);
			defaultConfigurationIsVisible = 0;
			defaultConfigurationName = Release;
		};
		D2DF754216CF174A00DF158B /* Build configuration list for PBXNativeTarget "Reconstruct" */ = {
			isa = XCConfigurationList;
			buildConfigurations = (
				D2DF754316CF174A00DF158B /* Debug */,
				D2DF754416CF174A00DF158B /* Release */,
			);
			defaultConfigurationIsVisible = 0;
			defaultConfigurationName = Release;
		};
/* End XCConfigurationList section */
	};
	rootObject = D2DF751416CF174900DF158B /* Project object */;
}
